// !$*UTF8*$!
{
	archiveVersion = 1;
	classes = {
	};
	objectVersion = 50;
	objects = {

/* Begin PBXBuildFile section */
		58996976DD16CB73E6103E59 /* VideoViewController.m in Sources */ = {isa = PBXBuildFile; fileRef = 58996C53BAC0705391D4D270 /* VideoViewController.m */; };
		58996C3057285341D55E6CD3 /* RecommendViewController.m in Sources */ = {isa = PBXBuildFile; fileRef = 58996BBC8673E6ECC823A823 /* RecommendViewController.m */; };
		605C79B12462C89E006AE912 /* AppDelegate.m in Sources */ = {isa = PBXBuildFile; fileRef = 605C79B02462C89E006AE912 /* AppDelegate.m */; };
		605C79B42462C89F006AE912 /* SceneDelegate.m in Sources */ = {isa = PBXBuildFile; fileRef = 605C79B32462C89F006AE912 /* SceneDelegate.m */; };
		605C79B72462C89F006AE912 /* ViewController.m in Sources */ = {isa = PBXBuildFile; fileRef = 605C79B62462C89F006AE912 /* ViewController.m */; };
		605C79BC2462C8A0006AE912 /* Assets.xcassets in Resources */ = {isa = PBXBuildFile; fileRef = 605C79BB2462C8A0006AE912 /* Assets.xcassets */; };
		605C79BF2462C8A0006AE912 /* LaunchScreen.storyboard in Resources */ = {isa = PBXBuildFile; fileRef = 605C79BD2462C8A0006AE912 /* LaunchScreen.storyboard */; };
		605C79C22462C8A0006AE912 /* main.m in Sources */ = {isa = PBXBuildFile; fileRef = 605C79C12462C8A0006AE912 /* main.m */; };
		605C79C9246697EF006AE912 /* icon.bundle in Resources */ = {isa = PBXBuildFile; fileRef = 605C79C8246697EF006AE912 /* icon.bundle */; };
/* End PBXBuildFile section */

/* Begin PBXFileReference section */
		5899667D5436C9F590CDFCED /* RecommendViewController.h */ = {isa = PBXFileReference; fileEncoding = 4; lastKnownFileType = sourcecode.c.h; path = RecommendViewController.h; sourceTree = "<group>"; };
		58996BBC8673E6ECC823A823 /* RecommendViewController.m */ = {isa = PBXFileReference; fileEncoding = 4; lastKnownFileType = sourcecode.c.objc; path = RecommendViewController.m; sourceTree = "<group>"; };
		58996C53BAC0705391D4D270 /* VideoViewController.m */ = {isa = PBXFileReference; fileEncoding = 4; lastKnownFileType = sourcecode.c.objc; path = VideoViewController.m; sourceTree = "<group>"; };
		58996E323A4D45F73CC99CFF /* VideoViewController.h */ = {isa = PBXFileReference; fileEncoding = 4; lastKnownFileType = sourcecode.c.h; path = VideoViewController.h; sourceTree = "<group>"; };
		605C79AC2462C89E006AE912 /* SingleApp.app */ = {isa = PBXFileReference; explicitFileType = wrapper.application; includeInIndex = 0; path = SingleApp.app; sourceTree = BUILT_PRODUCTS_DIR; };
		605C79AF2462C89E006AE912 /* AppDelegate.h */ = {isa = PBXFileReference; lastKnownFileType = sourcecode.c.h; path = AppDelegate.h; sourceTree = "<group>"; };
		605C79B02462C89E006AE912 /* AppDelegate.m */ = {isa = PBXFileReference; lastKnownFileType = sourcecode.c.objc; path = AppDelegate.m; sourceTree = "<group>"; };
		605C79B22462C89E006AE912 /* SceneDelegate.h */ = {isa = PBXFileReference; lastKnownFileType = sourcecode.c.h; path = SceneDelegate.h; sourceTree = "<group>"; };
		605C79B32462C89F006AE912 /* SceneDelegate.m */ = {isa = PBXFileReference; lastKnownFileType = sourcecode.c.objc; path = SceneDelegate.m; sourceTree = "<group>"; };
		605C79B52462C89F006AE912 /* ViewController.h */ = {isa = PBXFileReference; lastKnownFileType = sourcecode.c.h; path = ViewController.h; sourceTree = "<group>"; };
		605C79B62462C89F006AE912 /* ViewController.m */ = {isa = PBXFileReference; lastKnownFileType = sourcecode.c.objc; path = ViewController.m; sourceTree = "<group>"; };
		605C79BB2462C8A0006AE912 /* Assets.xcassets */ = {isa = PBXFileReference; lastKnownFileType = folder.assetcatalog; path = Assets.xcassets; sourceTree = "<group>"; };
		605C79BE2462C8A0006AE912 /* Base */ = {isa = PBXFileReference; lastKnownFileType = file.storyboard; name = Base; path = Base.lproj/LaunchScreen.storyboard; sourceTree = "<group>"; };
		605C79C02462C8A0006AE912 /* Info.plist */ = {isa = PBXFileReference; lastKnownFileType = text.plist.xml; path = Info.plist; sourceTree = "<group>"; };
		605C79C12462C8A0006AE912 /* main.m */ = {isa = PBXFileReference; lastKnownFileType = sourcecode.c.objc; path = main.m; sourceTree = "<group>"; };
		605C79C8246697EF006AE912 /* icon.bundle */ = {isa = PBXFileReference; lastKnownFileType = "wrapper.plug-in"; path = icon.bundle; sourceTree = "<group>"; };
/* End PBXFileReference section */

/* Begin PBXFrameworksBuildPhase section */
		605C79A92462C89E006AE912 /* Frameworks */ = {
			isa = PBXFrameworksBuildPhase;
			buildActionMask = 2147483647;
			files = (
			);
			runOnlyForDeploymentPostprocessing = 0;
		};
/* End PBXFrameworksBuildPhase section */

/* Begin PBXGroup section */
		605C79A32462C89E006AE912 = {
			isa = PBXGroup;
			children = (
				605C79AE2462C89E006AE912 /* SingleApp */,
				605C79AD2462C89E006AE912 /* Products */,
			);
			sourceTree = "<group>";
		};
		605C79AD2462C89E006AE912 /* Products */ = {
			isa = PBXGroup;
			children = (
				605C79AC2462C89E006AE912 /* SingleApp.app */,
			);
			name = Products;
			sourceTree = "<group>";
		};
		605C79AE2462C89E006AE912 /* SingleApp */ = {
			isa = PBXGroup;
			children = (
				605C79C8246697EF006AE912 /* icon.bundle */,
				605C79AF2462C89E006AE912 /* AppDelegate.h */,
				605C79B02462C89E006AE912 /* AppDelegate.m */,
				605C79B22462C89E006AE912 /* SceneDelegate.h */,
				605C79B32462C89F006AE912 /* SceneDelegate.m */,
				605C79B52462C89F006AE912 /* ViewController.h */,
				605C79B62462C89F006AE912 /* ViewController.m */,
				605C79BB2462C8A0006AE912 /* Assets.xcassets */,
				605C79BD2462C8A0006AE912 /* LaunchScreen.storyboard */,
				605C79C02462C8A0006AE912 /* Info.plist */,
				605C79C12462C8A0006AE912 /* main.m */,
				58996C53BAC0705391D4D270 /* VideoViewController.m */,
				58996E323A4D45F73CC99CFF /* VideoViewController.h */,
				58996BBC8673E6ECC823A823 /* RecommendViewController.m */,
				5899667D5436C9F590CDFCED /* RecommendViewController.h */,
			);
			path = SingleApp;
			sourceTree = "<group>";
		};
/* End PBXGroup section */

/* Begin PBXNativeTarget section */
		605C79AB2462C89E006AE912 /* SingleApp */ = {
			isa = PBXNativeTarget;
			buildConfigurationList = 605C79C52462C8A0006AE912 /* Build configuration list for PBXNativeTarget "SingleApp" */;
			buildPhases = (
				605C79A82462C89E006AE912 /* Sources */,
				605C79A92462C89E006AE912 /* Frameworks */,
				605C79AA2462C89E006AE912 /* Resources */,
			);
			buildRules = (
			);
			dependencies = (
			);
			name = SingleApp;
			productName = SingleApp;
			productReference = 605C79AC2462C89E006AE912 /* SingleApp.app */;
			productType = "com.apple.product-type.application";
		};
/* End PBXNativeTarget section */

/* Begin PBXProject section */
		605C79A42462C89E006AE912 /* Project object */ = {
			isa = PBXProject;
			attributes = {
				LastUpgradeCheck = 1140;
				ORGANIZATIONNAME = Alias;
				TargetAttributes = {
					605C79AB2462C89E006AE912 = {
						CreatedOnToolsVersion = 11.4.1;
					};
				};
			};
			buildConfigurationList = 605C79A72462C89E006AE912 /* Build configuration list for PBXProject "SingleApp" */;
			compatibilityVersion = "Xcode 9.3";
			developmentRegion = en;
			hasScannedForEncodings = 0;
			knownRegions = (
				en,
				Base,
			);
			mainGroup = 605C79A32462C89E006AE912;
			productRefGroup = 605C79AD2462C89E006AE912 /* Products */;
			projectDirPath = "";
			projectRoot = "";
			targets = (
				605C79AB2462C89E006AE912 /* SingleApp */,
			);
		};
/* End PBXProject section */

/* Begin PBXResourcesBuildPhase section */
		605C79AA2462C89E006AE912 /* Resources */ = {
			isa = PBXResourcesBuildPhase;
			buildActionMask = 2147483647;
			files = (
				605C79BF2462C8A0006AE912 /* LaunchScreen.storyboard in Resources */,
				605C79BC2462C8A0006AE912 /* Assets.xcassets in Resources */,
				605C79C9246697EF006AE912 /* icon.bundle in Resources */,
			);
			runOnlyForDeploymentPostprocessing = 0;
		};
/* End PBXResourcesBuildPhase section */

/* Begin PBXSourcesBuildPhase section */
		605C79A82462C89E006AE912 /* Sources */ = {
			isa = PBXSourcesBuildPhase;
			buildActionMask = 2147483647;
			files = (
				605C79B72462C89F006AE912 /* ViewController.m in Sources */,
				605C79B12462C89E006AE912 /* AppDelegate.m in Sources */,
				605C79C22462C8A0006AE912 /* main.m in Sources */,
				605C79B42462C89F006AE912 /* SceneDelegate.m in Sources */,
				58996976DD16CB73E6103E59 /* VideoViewController.m in Sources */,
				58996C3057285341D55E6CD3 /* RecommendViewController.m in Sources */,
			);
			runOnlyForDeploymentPostprocessing = 0;
		};
/* End PBXSourcesBuildPhase section */

/* Begin PBXVariantGroup section */
		605C79BD2462C8A0006AE912 /* LaunchScreen.storyboard */ = {
			isa = PBXVariantGroup;
			children = (
				605C79BE2462C8A0006AE912 /* Base */,
			);
			name = LaunchScreen.storyboard;
			sourceTree = "<group>";
		};
/* End PBXVariantGroup section */

/* Begin XCBuildConfiguration section */
		605C79C32462C8A0006AE912 /* Debug */ = {
			isa = XCBuildConfiguration;
			buildSettings = {
				ALWAYS_SEARCH_USER_PATHS = NO;
				CLANG_ANALYZER_NONNULL = YES;
				CLANG_ANALYZER_NUMBER_OBJECT_CONVERSION = YES_AGGRESSIVE;
				CLANG_CXX_LANGUAGE_STANDARD = "gnu++14";
				CLANG_CXX_LIBRARY = "libc++";
				CLANG_ENABLE_MODULES = YES;
				CLANG_ENABLE_OBJC_ARC = YES;
				CLANG_ENABLE_OBJC_WEAK = YES;
				CLANG_WARN_BLOCK_CAPTURE_AUTORELEASING = YES;
				CLANG_WARN_BOOL_CONVERSION = YES;
				CLANG_WARN_COMMA = YES;
				CLANG_WARN_CONSTANT_CONVERSION = YES;
				CLANG_WARN_DEPRECATED_OBJC_IMPLEMENTATIONS = YES;
				CLANG_WARN_DIRECT_OBJC_ISA_USAGE = YES_ERROR;
				CLANG_WARN_DOCUMENTATION_COMMENTS = YES;
				CLANG_WARN_EMPTY_BODY = YES;
				CLANG_WARN_ENUM_CONVERSION = YES;
				CLANG_WARN_INFINITE_RECURSION = YES;
				CLANG_WARN_INT_CONVERSION = YES;
				CLANG_WARN_NON_LITERAL_NULL_CONVERSION = YES;
				CLANG_WARN_OBJC_IMPLICIT_RETAIN_SELF = YES;
				CLANG_WARN_OBJC_LITERAL_CONVERSION = YES;
				CLANG_WARN_OBJC_ROOT_CLASS = YES_ERROR;
				CLANG_WARN_RANGE_LOOP_ANALYSIS = YES;
				CLANG_WARN_STRICT_PROTOTYPES = YES;
				CLANG_WARN_SUSPICIOUS_MOVE = YES;
				CLANG_WARN_UNGUARDED_AVAILABILITY = YES_AGGRESSIVE;
				CLANG_WARN_UNREACHABLE_CODE = YES;
				CLANG_WARN__DUPLICATE_METHOD_MATCH = YES;
				COPY_PHASE_STRIP = NO;
				DEBUG_INFORMATION_FORMAT = dwarf;
				ENABLE_STRICT_OBJC_MSGSEND = YES;
				ENABLE_TESTABILITY = YES;
				GCC_C_LANGUAGE_STANDARD = gnu11;
				GCC_DYNAMIC_NO_PIC = NO;
				GCC_NO_COMMON_BLOCKS = YES;
				GCC_OPTIMIZATION_LEVEL = 0;
				GCC_PREPROCESSOR_DEFINITIONS = (
					"DEBUG=1",
					"$(inherited)",
				);
				GCC_WARN_64_TO_32_BIT_CONVERSION = YES;
				GCC_WARN_ABOUT_RETURN_TYPE = YES_ERROR;
				GCC_WARN_UNDECLARED_SELECTOR = YES;
				GCC_WARN_UNINITIALIZED_AUTOS = YES_AGGRESSIVE;
				GCC_WARN_UNUSED_FUNCTION = YES;
				GCC_WARN_UNUSED_VARIABLE = YES;
				IPHONEOS_DEPLOYMENT_TARGET = 13.4;
				MTL_ENABLE_DEBUG_INFO = INCLUDE_SOURCE;
				MTL_FAST_MATH = YES;
				ONLY_ACTIVE_ARCH = YES;
				SDKROOT = iphoneos;
			};
			name = Debug;
		};
		605C79C42462C8A0006AE912 /* Release */ = {
			isa = XCBuildConfiguration;
			buildSettings = {
				ALWAYS_SEARCH_USER_PATHS = NO;
				CLANG_ANALYZER_NONNULL = YES;
				CLANG_ANALYZER_NUMBER_OBJECT_CONVERSION = YES_AGGRESSIVE;
				CLANG_CXX_LANGUAGE_STANDARD = "gnu++14";
				CLANG_CXX_LIBRARY = "libc++";
				CLANG_ENABLE_MODULES = YES;
				CLANG_ENABLE_OBJC_ARC = YES;
				CLANG_ENABLE_OBJC_WEAK = YES;
				CLANG_WARN_BLOCK_CAPTURE_AUTORELEASING = YES;
				CLANG_WARN_BOOL_CONVERSION = YES;
				CLANG_WARN_COMMA = YES;
				CLANG_WARN_CONSTANT_CONVERSION = YES;
				CLANG_WARN_DEPRECATED_OBJC_IMPLEMENTATIONS = YES;
				CLANG_WARN_DIRECT_OBJC_ISA_USAGE = YES_ERROR;
				CLANG_WARN_DOCUMENTATION_COMMENTS = YES;
				CLANG_WARN_EMPTY_BODY = YES;
				CLANG_WARN_ENUM_CONVERSION = YES;
				CLANG_WARN_INFINITE_RECURSION = YES;
				CLANG_WARN_INT_CONVERSION = YES;
				CLANG_WARN_NON_LITERAL_NULL_CONVERSION = YES;
				CLANG_WARN_OBJC_IMPLICIT_RETAIN_SELF = YES;
				CLANG_WARN_OBJC_LITERAL_CONVERSION = YES;
				CLANG_WARN_OBJC_ROOT_CLASS = YES_ERROR;
				CLANG_WARN_RANGE_LOOP_ANALYSIS = YES;
				CLANG_WARN_STRICT_PROTOTYPES = YES;
				CLANG_WARN_SUSPICIOUS_MOVE = YES;
				CLANG_WARN_UNGUARDED_AVAILABILITY = YES_AGGRESSIVE;
				CLANG_WARN_UNREACHABLE_CODE = YES;
				CLANG_WARN__DUPLICATE_METHOD_MATCH = YES;
				COPY_PHASE_STRIP = NO;
				DEBUG_INFORMATION_FORMAT = "dwarf-with-dsym";
				ENABLE_NS_ASSERTIONS = NO;
				ENABLE_STRICT_OBJC_MSGSEND = YES;
				GCC_C_LANGUAGE_STANDARD = gnu11;
				GCC_NO_COMMON_BLOCKS = YES;
				GCC_WARN_64_TO_32_BIT_CONVERSION = YES;
				GCC_WARN_ABOUT_RETURN_TYPE = YES_ERROR;
				GCC_WARN_UNDECLARED_SELECTOR = YES;
				GCC_WARN_UNINITIALIZED_AUTOS = YES_AGGRESSIVE;
				GCC_WARN_UNUSED_FUNCTION = YES;
				GCC_WARN_UNUSED_VARIABLE = YES;
				IPHONEOS_DEPLOYMENT_TARGET = 13.4;
				MTL_ENABLE_DEBUG_INFO = NO;
				MTL_FAST_MATH = YES;
				SDKROOT = iphoneos;
				VALIDATE_PRODUCT = YES;
			};
			name = Release;
		};
		605C79C62462C8A0006AE912 /* Debug */ = {
			isa = XCBuildConfiguration;
			buildSettings = {
				ASSETCATALOG_COMPILER_APPICON_NAME = AppIcon;
				CODE_SIGN_STYLE = Automatic;
				INFOPLIST_FILE = SingleApp/Info.plist;
				LD_RUNPATH_SEARCH_PATHS = (
					"$(inherited)",
					"@executable_path/Frameworks",
				);
				PRODUCT_BUNDLE_IDENTIFIER = com.siyukok.singleapp.SingleApp;
				PRODUCT_NAME = "$(TARGET_NAME)";
				TARGETED_DEVICE_FAMILY = "1,2";
			};
			name = Debug;
		};
		605C79C72462C8A0006AE912 /* Release */ = {
			isa = XCBuildConfiguration;
			buildSettings = {
				ASSETCATALOG_COMPILER_APPICON_NAME = AppIcon;
				CODE_SIGN_STYLE = Automatic;
				INFOPLIST_FILE = SingleApp/Info.plist;
				LD_RUNPATH_SEARCH_PATHS = (
					"$(inherited)",
					"@executable_path/Frameworks",
				);
				PRODUCT_BUNDLE_IDENTIFIER = com.siyukok.singleapp.SingleApp;
				PRODUCT_NAME = "$(TARGET_NAME)";
				TARGETED_DEVICE_FAMILY = "1,2";
			};
			name = Release;
		};
/* End XCBuildConfiguration section */

/* Begin XCConfigurationList section */
		605C79A72462C89E006AE912 /* Build configuration list for PBXProject "SingleApp" */ = {
			isa = XCConfigurationList;
			buildConfigurations = (
				605C79C32462C8A0006AE912 /* Debug */,
				605C79C42462C8A0006AE912 /* Release */,
			);
			defaultConfigurationIsVisible = 0;
			defaultConfigurationName = Release;
		};
		605C79C52462C8A0006AE912 /* Build configuration list for PBXNativeTarget "SingleApp" */ = {
			isa = XCConfigurationList;
			buildConfigurations = (
				605C79C62462C8A0006AE912 /* Debug */,
				605C79C72462C8A0006AE912 /* Release */,
			);
			defaultConfigurationIsVisible = 0;
			defaultConfigurationName = Release;
		};
/* End XCConfigurationList section */
	};
	rootObject = 605C79A42462C89E006AE912 /* Project object */;
}
